
Microsoft Visual Studio Solution File, Format Version 12.00
# Visual Studio Version 17
VisualStudioVersion = 17.1.32113.165
MinimumVisualStudioVersion = 10.0.40219.1
Project("{8BC9CEB8-8B4A-11D0-8D11-00A0C91BC942}") = "spotify-api-plusplus", "src\spotify-api-plusplus.vcxproj", "{EF1B3F7D-DBAA-C846-84C9-DC417037D9EC}"
EndProject
Project("{2150E333-8FDC-42A3-9474-1A3956D46DE8}") = "Solution Items", "Solution Items", "{CC53F00D-5880-4DF0-A84B-47AE9EEBE457}"
	ProjectSection(SolutionItems) = preProject
		README.md = README.md
	EndProjectSection
EndProject
Global
	GlobalSection(SolutionConfigurationPlatforms) = preSolution
		Debug|x64 = Debug|x64
		Distribution|x64 = Distribution|x64
		Release|x64 = Release|x64
	EndGlobalSection
	GlobalSection(ProjectConfigurationPlatforms) = postSolution
		{EF1B3F7D-DBAA-C846-84C9-DC417037D9EC}.Debug|x64.ActiveCfg = Debug|x64
		{EF1B3F7D-DBAA-C846-84C9-DC417037D9EC}.Debug|x64.Build.0 = Debug|x64
		{EF1B3F7D-DBAA-C846-84C9-DC417037D9EC}.Distribution|x64.ActiveCfg = Distribution|x64
		{EF1B3F7D-DBAA-C846-84C9-DC417037D9EC}.Distribution|x64.Build.0 = Distribution|x64
		{EF1B3F7D-DBAA-C846-84C9-DC417037D9EC}.Release|x64.ActiveCfg = Release|x64
		{EF1B3F7D-DBAA-C846-84C9-DC417037D9EC}.Release|x64.Build.0 = Release|x64
	EndGlobalSection
	GlobalSection(SolutionProperties) = preSolution
		HideSolutionNode = FALSE
	EndGlobalSection
	GlobalSection(ExtensibilityGlobals) = postSolution
		SolutionGuid = {FC55914A-B21E-4EE0-887E-117DA9EDBDE2}
	EndGlobalSection
EndGlobal
